
Microsoft Visual Studio Solution File, Format Version 12.00
# Visual Studio 14
VisualStudioVersion = 14.0.24720.0
MinimumVisualStudioVersion = 10.0.40219.1
Project("{2150E333-8FDC-42A3-9474-1A3956D46DE8}") = "src", "src", "{6462A7D2-5018-443D-BF20-B7E407E3FEA6}"
EndProject
Project("{2150E333-8FDC-42A3-9474-1A3956D46DE8}") = "Solution Items", "Solution Items", "{E2FF6F9D-3B6D-4D51-8EE5-F3A8789B0B96}"
	ProjectSection(SolutionItems) = preProject
		global.json = global.json
		license.txt = license.txt
		README.md = README.md
	EndProjectSection
EndProject
Project("{8BB2217D-0F2D-49D1-97BC-3654ED321F3B}") = "idunno.BasicAuthentication.web", "src\idunno.BasicAuthentication.web\idunno.BasicAuthentication.web.xproj", "{F6B849CD-26D5-4830-85E7-1628066D27B4}"
EndProject
Project("{8BB2217D-0F2D-49D1-97BC-3654ED321F3B}") = "idunno.Authentication.Basic", "src\idunno.Authentication.Basic\idunno.Authentication.Basic.xproj", "{98E2DD56-D69E-44FB-829A-154592A15B98}"
EndProject
Project("{8BB2217D-0F2D-49D1-97BC-3654ED321F3B}") = "idunno.Authentication.Basic.Tests", "src\idunno.Authentication.Basic.Tests\idunno.Authentication.Basic.Tests.xproj", "{D835CDE1-A683-4864-831A-7A36201491DF}"
EndProject
Global
	GlobalSection(SolutionConfigurationPlatforms) = preSolution
		Debug|Any CPU = Debug|Any CPU
		Release|Any CPU = Release|Any CPU
	EndGlobalSection
	GlobalSection(ProjectConfigurationPlatforms) = postSolution
		{F6B849CD-26D5-4830-85E7-1628066D27B4}.Debug|Any CPU.ActiveCfg = Debug|Any CPU
		{F6B849CD-26D5-4830-85E7-1628066D27B4}.Debug|Any CPU.Build.0 = Debug|Any CPU
		{F6B849CD-26D5-4830-85E7-1628066D27B4}.Release|Any CPU.ActiveCfg = Release|Any CPU
		{F6B849CD-26D5-4830-85E7-1628066D27B4}.Release|Any CPU.Build.0 = Release|Any CPU
		{98E2DD56-D69E-44FB-829A-154592A15B98}.Debug|Any CPU.ActiveCfg = Debug|Any CPU
		{98E2DD56-D69E-44FB-829A-154592A15B98}.Debug|Any CPU.Build.0 = Debug|Any CPU
		{98E2DD56-D69E-44FB-829A-154592A15B98}.Release|Any CPU.ActiveCfg = Release|Any CPU
		{98E2DD56-D69E-44FB-829A-154592A15B98}.Release|Any CPU.Build.0 = Release|Any CPU
		{D835CDE1-A683-4864-831A-7A36201491DF}.Debug|Any CPU.ActiveCfg = Debug|Any CPU
		{D835CDE1-A683-4864-831A-7A36201491DF}.Debug|Any CPU.Build.0 = Debug|Any CPU
		{D835CDE1-A683-4864-831A-7A36201491DF}.Release|Any CPU.ActiveCfg = Release|Any CPU
		{D835CDE1-A683-4864-831A-7A36201491DF}.Release|Any CPU.Build.0 = Release|Any CPU
	EndGlobalSection
	GlobalSection(SolutionProperties) = preSolution
		HideSolutionNode = FALSE
	EndGlobalSection
	GlobalSection(NestedProjects) = preSolution
		{F6B849CD-26D5-4830-85E7-1628066D27B4} = {6462A7D2-5018-443D-BF20-B7E407E3FEA6}
		{98E2DD56-D69E-44FB-829A-154592A15B98} = {6462A7D2-5018-443D-BF20-B7E407E3FEA6}
		{D835CDE1-A683-4864-831A-7A36201491DF} = {6462A7D2-5018-443D-BF20-B7E407E3FEA6}
	EndGlobalSection
EndGlobal
